{
  "version": 4,
  "terraform_version": "1.4.2",
  "serial": 4,
  "lineage": "a3a8555e-5329-f7da-d9ac-1040ca706794",
  "outputs": {
    "IAMPolicy": {
      "value": "Policy_Test",
      "type": "string"
    },
    "IAMRole": {
      "value": "Role_Test",
      "type": "string"
    }
  },
  "resources": [
    {
      "mode": "managed",
      "type": "aws_iam_policy",
      "name": "PolicyTest",
      "provider": "provider[\"registry.terraform.io/hashicorp/aws\"]",
      "instances": [
        {
          "schema_version": 0,
          "attributes": {
            "arn": "arn:aws:iam::174809162562:policy/Policy_Test",
            "description": "test - access to source and destination S3 bucket",
            "id": "arn:aws:iam::174809162562:policy/Policy_Test",
            "name": "Policy_Test",
            "name_prefix": "",
            "path": "/",
            "policy": "{\"Statement\":[{\"Action\":[\"s3:GetObject\",\"s3:DeleteObject\"],\"Effect\":\"Allow\",\"Resource\":\"arn:aws:s3:::test-ndgegy4364gdu-source-bucket1/images/*\"},{\"Action\":[\"s3:ListBucket\"],\"Effect\":\"Allow\",\"Resource\":[\"arn:aws:s3:::test-ndgegy4364gdu-source-bucket1\",\"arn:aws:s3:::test-ndgegy4364gdu-source-bucket1/images/*\"]},{\"Action\":[\"s3:putObject\"],\"Effect\":\"Allow\",\"Resource\":\"arn:aws:s3:::test-ndgegy4364gdu-destination-bucket1/images/*\"}],\"Version\":\"2012-10-17\"}",
            "policy_id": "ANPASRM3QENBJEQHDXKBW",
            "tags": null,
            "tags_all": {}
          },
          "sensitive_attributes": [],
          "private": "bnVsbA=="
        }
      ]
    },
    {
      "mode": "managed",
      "type": "aws_iam_role",
      "name": "RoleTest",
      "provider": "provider[\"registry.terraform.io/hashicorp/aws\"]",
      "instances": [
        {
          "schema_version": 0,
          "attributes": {
            "arn": "arn:aws:iam::174809162562:role/Role_Test",
            "assume_role_policy": "{\"Statement\":[{\"Action\":\"sts:AssumeRole\",\"Effect\":\"Allow\",\"Principal\":{\"Service\":\"ec2.amazonaws.com\"},\"Sid\":\"\"}],\"Version\":\"2012-10-17\"}",
            "create_date": "2023-05-30T11:19:37Z",
            "description": "test - access to source and destination S3 bucket",
            "force_detach_policies": false,
            "id": "Role_Test",
            "inline_policy": [],
            "managed_policy_arns": [],
            "max_session_duration": 3600,
            "name": "Role_Test",
            "name_prefix": "",
            "path": "/",
            "permissions_boundary": null,
            "role_last_used": [
              {
                "last_used_date": "",
                "region": ""
              }
            ],
            "tags": null,
            "tags_all": {},
            "unique_id": "AROASRM3QENBELHWDWMMP"
          },
          "sensitive_attributes": [],
          "private": "bnVsbA=="
        }
      ]
    },
    {
      "mode": "managed",
      "type": "aws_iam_role_policy_attachment",
      "name": "PolicyAttach",
      "provider": "provider[\"registry.terraform.io/hashicorp/aws\"]",
      "instances": [
        {
          "schema_version": 0,
          "attributes": {
            "id": "Role_Test-20230530111941143700000001",
            "policy_arn": "arn:aws:iam::174809162562:policy/Policy_Test",
            "role": "Role_Test"
          },
          "sensitive_attributes": [],
          "private": "bnVsbA==",
          "dependencies": [
            "aws_iam_policy.PolicyTest",
            "aws_iam_role.RoleTest"
          ]
        }
      ]
    }
  ],
  "check_results": null
}
